
Microsoft Visual Studio Solution File, Format Version 12.00
# Visual Studio Version 17
VisualStudioVersion = 17.4.33205.214
MinimumVisualStudioVersion = 10.0.40219.1
Project("{FAE04EC0-301F-11D3-BF4B-00C04F79EFBC}") = "System Resource Monitor", "System Resource Monitor\System Resource Monitor.csproj", "{ADC4C66D-CEA7-4AB1-A167-D73A977F350F}"
EndProject
Project("{54435603-DBB4-11D2-8724-00A0C9A8B90C}") = "Setup", "Setup\Setup.vdproj", "{139C185C-1DB2-4AC1-8536-EC1EA22D35C1}"
EndProject
Global
	GlobalSection(SolutionConfigurationPlatforms) = preSolution
		Debug|Any CPU = Debug|Any CPU
		Release|Any CPU = Release|Any CPU
		Description = .NET Framework, System Recource Monitor Application is created by me using visual studio. This application show the CPU & Memory Usage with Graphical interface, and also Date & Time.
	EndGlobalSection
	GlobalSection(ProjectConfigurationPlatforms) = postSolution
		{ADC4C66D-CEA7-4AB1-A167-D73A977F350F}.Debug|Any CPU.ActiveCfg = Release|Any CPU
		{ADC4C66D-CEA7-4AB1-A167-D73A977F350F}.Debug|Any CPU.Build.0 = Release|Any CPU
		{ADC4C66D-CEA7-4AB1-A167-D73A977F350F}.Release|Any CPU.ActiveCfg = Release|Any CPU
		{ADC4C66D-CEA7-4AB1-A167-D73A977F350F}.Release|Any CPU.Build.0 = Release|Any CPU
		{139C185C-1DB2-4AC1-8536-EC1EA22D35C1}.Debug|Any CPU.ActiveCfg = Debug
		{139C185C-1DB2-4AC1-8536-EC1EA22D35C1}.Release|Any CPU.ActiveCfg = Release
	EndGlobalSection
	GlobalSection(SolutionProperties) = preSolution
		HideSolutionNode = FALSE
	EndGlobalSection
	GlobalSection(ExtensibilityGlobals) = postSolution
		SolutionGuid = {3960E756-7E16-4187-A542-0C3F4053D12A}
	EndGlobalSection
EndGlobal
